
Microsoft Visual Studio Solution File, Format Version 12.00
# Visual Studio Version 16
VisualStudioVersion = 16.0.29905.134
MinimumVisualStudioVersion = 10.0.40219.1
Project("{FAE04EC0-301F-11D3-BF4B-00C04F79EFBC}") = "CarDealership", "CarDealership\CarDealership.csproj", "{FC265B6E-7B52-4E88-ACCC-1859C8B8B353}"
EndProject
Project("{FAE04EC0-301F-11D3-BF4B-00C04F79EFBC}") = "MainApp", "MainApp\MainApp.csproj", "{918E1C60-199E-45CB-8941-24871A1ED6A7}"
EndProject
Global
	GlobalSection(SolutionConfigurationPlatforms) = preSolution
		Debug|Any CPU = Debug|Any CPU
		Release|Any CPU = Release|Any CPU
	EndGlobalSection
	GlobalSection(ProjectConfigurationPlatforms) = postSolution
		{FC265B6E-7B52-4E88-ACCC-1859C8B8B353}.Debug|Any CPU.ActiveCfg = Debug|Any CPU
		{FC265B6E-7B52-4E88-ACCC-1859C8B8B353}.Debug|Any CPU.Build.0 = Debug|Any CPU
		{FC265B6E-7B52-4E88-ACCC-1859C8B8B353}.Release|Any CPU.ActiveCfg = Release|Any CPU
		{FC265B6E-7B52-4E88-ACCC-1859C8B8B353}.Release|Any CPU.Build.0 = Release|Any CPU
		{918E1C60-199E-45CB-8941-24871A1ED6A7}.Debug|Any CPU.ActiveCfg = Debug|Any CPU
		{918E1C60-199E-45CB-8941-24871A1ED6A7}.Debug|Any CPU.Build.0 = Debug|Any CPU
		{918E1C60-199E-45CB-8941-24871A1ED6A7}.Release|Any CPU.ActiveCfg = Release|Any CPU
		{918E1C60-199E-45CB-8941-24871A1ED6A7}.Release|Any CPU.Build.0 = Release|Any CPU
	EndGlobalSection
	GlobalSection(SolutionProperties) = preSolution
		HideSolutionNode = FALSE
	EndGlobalSection
	GlobalSection(ExtensibilityGlobals) = postSolution
		SolutionGuid = {1AB041F3-7820-4AA2-ACD8-3B22C380BD0B}
	EndGlobalSection
EndGlobal
